<?xml version="1.0" encoding="utf-8"?>
<Project ToolsVersion="4.0" xmlns="http://schemas.microsoft.com/developer/msbuild/2003">
  <ItemGroup>
    <Filter Include="Source Files">
      <UniqueIdentifier>{4FC737F1-C7A5-4376-A066-2A32D752A2FF}</UniqueIdentifier>
      <Extensions>cpp;c;cc;cxx;def;odl;idl;hpj;bat;asm;asmx</Extensions>
    </Filter>
    <Filter Include="Header Files">
      <UniqueIdentifier>{93995380-89BD-4b04-88EB-625FBE52EBFB}</UniqueIdentifier>
      <Extensions>h;hpp;hxx;hm;inl;inc;xsd</Extensions>
    </Filter>
  </ItemGroup>
  <ItemGroup>
    <ClCompile Include="conf.c">
      <Filter>Source Files</Filter>
    </ClCompile>
    <ClCompile Include="eschew\ConvertUTF.c">
      <Filter>Source Files</Filter>
    </ClCompile>
    <ClCompile Include="eschew\eschew.c">
      <Filter>Source Files</Filter>
    </ClCompile>
    <ClCompile Include="game.c">
      <Filter>Source Files</Filter>
    </ClCompile>
    <ClCompile Include="getopt.c">
      <Filter>Source Files</Filter>
    </ClCompile>
    <ClCompile Include="graphics.c">
      <Filter>Source Files</Filter>
    </ClCompile>
    <ClCompile Include="low-level.c">
      <Filter>Source Files</Filter>
    </ClCompile>
    <ClCompile Include="main.c">
      <Filter>Source Files</Filter>
    </ClCompile>
    <ClCompile Include="md5.c">
      <Filter>Source Files</Filter>
    </ClCompile>
    <ClCompile Include="psp\psp-setup.c">
      <Filter>Source Files</Filter>
    </ClCompile>
    <ClCompile Include="soundplayer.cpp">
      <Filter>Source Files</Filter>
    </ClCompile>
    <ClCompile Include="videoplayer.c">
      <Filter>Source Files</Filter>
    </ClCompile>
    <ClCompile Include="win32\winXAudio2.cpp">
      <Filter>Source Files</Filter>
    </ClCompile>
    <ClCompile Include="win32\wmp.cpp">
      <Filter>Source Files</Filter>
    </ClCompile>
  </ItemGroup>
  <ItemGroup>
    <ClInclude Include="anti-tampering.h">
      <Filter>Header Files</Filter>
    </ClInclude>
    <ClInclude Include="cluck.h">
      <Filter>Header Files</Filter>
    </ClInclude>
    <ClInclude Include="colditz.h">
      <Filter>Header Files</Filter>
    </ClInclude>
    <ClInclude Include="conf.h">
      <Filter>Header Files</Filter>
    </ClInclude>
    <ClInclude Include="eschew\ConvertUTF.h">
      <Filter>Header Files</Filter>
    </ClInclude>
    <ClInclude Include="data-types.h">
      <Filter>Header Files</Filter>
    </ClInclude>
    <ClInclude Include="eschew\eschew.h">
      <Filter>Header Files</Filter>
    </ClInclude>
    <ClInclude Include="game.h">
      <Filter>Header Files</Filter>
    </ClInclude>
    <ClInclude Include="getopt.h">
      <Filter>Header Files</Filter>
    </ClInclude>
    <ClInclude Include="getopt_int.h">
      <Filter>Header Files</Filter>
    </ClInclude>
    <ClInclude Include="gettext.h">
      <Filter>Header Files</Filter>
    </ClInclude>
    <ClInclude Include="win32\glut.h">
      <Filter>Header Files</Filter>
    </ClInclude>
    <ClInclude Include="graphics.h">
      <Filter>Header Files</Filter>
    </ClInclude>
    <ClInclude Include="low-level.h">
      <Filter>Header Files</Filter>
    </ClInclude>
    <ClInclude Include="md5.h">
      <Filter>Header Files</Filter>
    </ClInclude>
    <ClInclude Include="modplayeri.h">
      <Filter>Header Files</Filter>
    </ClInclude>
    <ClInclude Include="modtables.h">
      <Filter>Header Files</Filter>
    </ClInclude>
    <ClInclude Include="psp\pmp.h">
      <Filter>Header Files</Filter>
    </ClInclude>
    <ClInclude Include="psp\psp-printf.h">
      <Filter>Header Files</Filter>
    </ClInclude>
    <ClInclude Include="psp\psp-setup.h">
      <Filter>Header Files</Filter>
    </ClInclude>
    <ClInclude Include="soundplayer.h">
      <Filter>Header Files</Filter>
    </ClInclude>
    <ClInclude Include="videoplayer.h">
      <Filter>Header Files</Filter>
    </ClInclude>
    <ClInclude Include="win32\winXAudio2.h">
      <Filter>Header Files</Filter>
    </ClInclude>
    <ClInclude Include="win32\wmp.h">
      <Filter>Header Files</Filter>
    </ClInclude>
    <ClInclude Include="win32\glew.h">
      <Filter>Header Files</Filter>
    </ClInclude>
    <ClInclude Include="win32\wglew.h">
      <Filter>Header Files</Filter>
    </ClInclude>
  </ItemGroup>
</Project>